
Microsoft Visual Studio Solution File, Format Version 12.00
# Visual Studio Version 16
VisualStudioVersion = 16.0.31019.35
MinimumVisualStudioVersion = 10.0.40219.1
Project("{FAE04EC0-301F-11D3-BF4B-00C04F79EFBC}") = "EbooksShop", "EbooksShop\EbooksShop.csproj", "{704A1A63-0D5F-49E1-AB97-B8FBC115EECE}"
EndProject
Global
	GlobalSection(SolutionConfigurationPlatforms) = preSolution
		Debug|Any CPU = Debug|Any CPU
		Release|Any CPU = Release|Any CPU
	EndGlobalSection
	GlobalSection(ProjectConfigurationPlatforms) = postSolution
		{704A1A63-0D5F-49E1-AB97-B8FBC115EECE}.Debug|Any CPU.ActiveCfg = Debug|Any CPU
		{704A1A63-0D5F-49E1-AB97-B8FBC115EECE}.Debug|Any CPU.Build.0 = Debug|Any CPU
		{704A1A63-0D5F-49E1-AB97-B8FBC115EECE}.Release|Any CPU.ActiveCfg = Release|Any CPU
		{704A1A63-0D5F-49E1-AB97-B8FBC115EECE}.Release|Any CPU.Build.0 = Release|Any CPU
	EndGlobalSection
	GlobalSection(SolutionProperties) = preSolution
		HideSolutionNode = FALSE
	EndGlobalSection
	GlobalSection(ExtensibilityGlobals) = postSolution
		SolutionGuid = {0E9B58B1-6B91-403F-AF57-AAAD5069D0FF}
	EndGlobalSection
EndGlobal
